
Microsoft Visual Studio Solution File, Format Version 12.00
# Visual Studio 2012
Project("{FAE04EC0-301F-11D3-BF4B-00C04F79EFBC}") = "RecallFoodAlert", "RecallFoodAlert\RecallFoodAlert.csproj", "{5594B151-1415-4099-9FF6-E905AC01DB4B}"
EndProject
Project("{FAE04EC0-301F-11D3-BF4B-00C04F79EFBC}") = "RecallFoodAlertTest", "RecallFoodAlertTest\RecallFoodAlertTest.csproj", "{9E5FCF70-778A-467C-A495-6E45D827B0B2}"
EndProject
Global
	GlobalSection(SolutionConfigurationPlatforms) = preSolution
		Debug|Any CPU = Debug|Any CPU
		Release|Any CPU = Release|Any CPU
	EndGlobalSection
	GlobalSection(ProjectConfigurationPlatforms) = postSolution
		{5594B151-1415-4099-9FF6-E905AC01DB4B}.Debug|Any CPU.ActiveCfg = Debug|Any CPU
		{5594B151-1415-4099-9FF6-E905AC01DB4B}.Debug|Any CPU.Build.0 = Debug|Any CPU
		{5594B151-1415-4099-9FF6-E905AC01DB4B}.Release|Any CPU.ActiveCfg = Release|Any CPU
		{5594B151-1415-4099-9FF6-E905AC01DB4B}.Release|Any CPU.Build.0 = Release|Any CPU
		{9E5FCF70-778A-467C-A495-6E45D827B0B2}.Debug|Any CPU.ActiveCfg = Debug|Any CPU
		{9E5FCF70-778A-467C-A495-6E45D827B0B2}.Debug|Any CPU.Build.0 = Debug|Any CPU
		{9E5FCF70-778A-467C-A495-6E45D827B0B2}.Release|Any CPU.ActiveCfg = Release|Any CPU
		{9E5FCF70-778A-467C-A495-6E45D827B0B2}.Release|Any CPU.Build.0 = Release|Any CPU
	EndGlobalSection
	GlobalSection(SolutionProperties) = preSolution
		HideSolutionNode = FALSE
	EndGlobalSection
EndGlobal
